// !$*UTF8*$!
{
	archiveVersion = 1;
	classes = {
	};
	objectVersion = 56;
	objects = {

/* Begin PBXBuildFile section */
		8DEDE4A32D2B711200A6C048 /* AppDelegate.swift in Sources */ = {isa = PBXBuildFile; fileRef = 8DEDE4A22D2B711200A6C048 /* AppDelegate.swift */; };
		8DEDE4A52D2B711200A6C048 /* SceneDelegate.swift in Sources */ = {isa = PBXBuildFile; fileRef = 8DEDE4A42D2B711200A6C048 /* SceneDelegate.swift */; };
		8DEDE4A72D2B711200A6C048 /* ViewController.swift in Sources */ = {isa = PBXBuildFile; fileRef = 8DEDE4A62D2B711200A6C048 /* ViewController.swift */; };
		8DEDE4AA2D2B711200A6C048 /* Main.storyboard in Resources */ = {isa = PBXBuildFile; fileRef = 8DEDE4A82D2B711200A6C048 /* Main.storyboard */; };
		8DEDE4AC2D2B711300A6C048 /* Assets.xcassets in Resources */ = {isa = PBXBuildFile; fileRef = 8DEDE4AB2D2B711300A6C048 /* Assets.xcassets */; };
		8DEDE4AF2D2B711300A6C048 /* LaunchScreen.storyboard in Resources */ = {isa = PBXBuildFile; fileRef = 8DEDE4AD2D2B711300A6C048 /* LaunchScreen.storyboard */; };
		8DEDE4B92D2B712100A6C048 /* PagerViewLayout.swift in Sources */ = {isa = PBXBuildFile; fileRef = 8DEDE4B72D2B712100A6C048 /* PagerViewLayout.swift */; };
		8DEDE4BA2D2B712100A6C048 /* PagerView.swift in Sources */ = {isa = PBXBuildFile; fileRef = 8DEDE4B82D2B712100A6C048 /* PagerView.swift */; };
/* End PBXBuildFile section */

/* Begin PBXFileReference section */
		8DEDE49F2D2B711200A6C048 /* JCPagerView.app */ = {isa = PBXFileReference; explicitFileType = wrapper.application; includeInIndex = 0; path = JCPagerView.app; sourceTree = BUILT_PRODUCTS_DIR; };
		8DEDE4A22D2B711200A6C048 /* AppDelegate.swift */ = {isa = PBXFileReference; lastKnownFileType = sourcecode.swift; path = AppDelegate.swift; sourceTree = "<group>"; };
		8DEDE4A42D2B711200A6C048 /* SceneDelegate.swift */ = {isa = PBXFileReference; lastKnownFileType = sourcecode.swift; path = SceneDelegate.swift; sourceTree = "<group>"; };
		8DEDE4A62D2B711200A6C048 /* ViewController.swift */ = {isa = PBXFileReference; lastKnownFileType = sourcecode.swift; path = ViewController.swift; sourceTree = "<group>"; };
		8DEDE4A92D2B711200A6C048 /* Base */ = {isa = PBXFileReference; lastKnownFileType = file.storyboard; name = Base; path = Base.lproj/Main.storyboard; sourceTree = "<group>"; };
		8DEDE4AB2D2B711300A6C048 /* Assets.xcassets */ = {isa = PBXFileReference; lastKnownFileType = folder.assetcatalog; path = Assets.xcassets; sourceTree = "<group>"; };
		8DEDE4AE2D2B711300A6C048 /* Base */ = {isa = PBXFileReference; lastKnownFileType = file.storyboard; name = Base; path = Base.lproj/LaunchScreen.storyboard; sourceTree = "<group>"; };
		8DEDE4B02D2B711300A6C048 /* Info.plist */ = {isa = PBXFileReference; lastKnownFileType = text.plist.xml; path = Info.plist; sourceTree = "<group>"; };
		8DEDE4B72D2B712100A6C048 /* PagerViewLayout.swift */ = {isa = PBXFileReference; fileEncoding = 4; lastKnownFileType = sourcecode.swift; path = PagerViewLayout.swift; sourceTree = "<group>"; };
		8DEDE4B82D2B712100A6C048 /* PagerView.swift */ = {isa = PBXFileReference; fileEncoding = 4; lastKnownFileType = sourcecode.swift; path = PagerView.swift; sourceTree = "<group>"; };
/* End PBXFileReference section */

/* Begin PBXFrameworksBuildPhase section */
		8DEDE49C2D2B711200A6C048 /* Frameworks */ = {
			isa = PBXFrameworksBuildPhase;
			buildActionMask = 2147483647;
			files = (
			);
			runOnlyForDeploymentPostprocessing = 0;
		};
/* End PBXFrameworksBuildPhase section */

/* Begin PBXGroup section */
		8DEDE4962D2B711200A6C048 = {
			isa = PBXGroup;
			children = (
				8DEDE4A12D2B711200A6C048 /* JCPagerView */,
				8DEDE4A02D2B711200A6C048 /* Products */,
			);
			sourceTree = "<group>";
		};
		8DEDE4A02D2B711200A6C048 /* Products */ = {
			isa = PBXGroup;
			children = (
				8DEDE49F2D2B711200A6C048 /* JCPagerView.app */,
			);
			name = Products;
			sourceTree = "<group>";
		};
		8DEDE4A12D2B711200A6C048 /* JCPagerView */ = {
			isa = PBXGroup;
			children = (
				8DEDE4A22D2B711200A6C048 /* AppDelegate.swift */,
				8DEDE4A42D2B711200A6C048 /* SceneDelegate.swift */,
				8DEDE4A62D2B711200A6C048 /* ViewController.swift */,
				8DEDE4B62D2B712100A6C048 /* PagerView */,
				8DEDE4A82D2B711200A6C048 /* Main.storyboard */,
				8DEDE4AB2D2B711300A6C048 /* Assets.xcassets */,
				8DEDE4AD2D2B711300A6C048 /* LaunchScreen.storyboard */,
				8DEDE4B02D2B711300A6C048 /* Info.plist */,
			);
			path = JCPagerView;
			sourceTree = "<group>";
		};
		8DEDE4B62D2B712100A6C048 /* PagerView */ = {
			isa = PBXGroup;
			children = (
				8DEDE4B72D2B712100A6C048 /* PagerViewLayout.swift */,
				8DEDE4B82D2B712100A6C048 /* PagerView.swift */,
			);
			path = PagerView;
			sourceTree = "<group>";
		};
/* End PBXGroup section */

/* Begin PBXNativeTarget section */
		8DEDE49E2D2B711200A6C048 /* JCPagerView */ = {
			isa = PBXNativeTarget;
			buildConfigurationList = 8DEDE4B32D2B711300A6C048 /* Build configuration list for PBXNativeTarget "JCPagerView" */;
			buildPhases = (
				8DEDE49B2D2B711200A6C048 /* Sources */,
				8DEDE49C2D2B711200A6C048 /* Frameworks */,
				8DEDE49D2D2B711200A6C048 /* Resources */,
			);
			buildRules = (
			);
			dependencies = (
			);
			name = JCPagerView;
			productName = JCPagerView;
			productReference = 8DEDE49F2D2B711200A6C048 /* JCPagerView.app */;
			productType = "com.apple.product-type.application";
		};
/* End PBXNativeTarget section */

/* Begin PBXProject section */
		8DEDE4972D2B711200A6C048 /* Project object */ = {
			isa = PBXProject;
			attributes = {
				BuildIndependentTargetsInParallel = 1;
				LastSwiftUpdateCheck = 1510;
				LastUpgradeCheck = 1510;
				TargetAttributes = {
					8DEDE49E2D2B711200A6C048 = {
						CreatedOnToolsVersion = 15.1;
					};
				};
			};
			buildConfigurationList = 8DEDE49A2D2B711200A6C048 /* Build configuration list for PBXProject "JCPagerView" */;
			compatibilityVersion = "Xcode 14.0";
			developmentRegion = en;
			hasScannedForEncodings = 0;
			knownRegions = (
				en,
				Base,
			);
			mainGroup = 8DEDE4962D2B711200A6C048;
			productRefGroup = 8DEDE4A02D2B711200A6C048 /* Products */;
			projectDirPath = "";
			projectRoot = "";
			targets = (
				8DEDE49E2D2B711200A6C048 /* JCPagerView */,
			);
		};
/* End PBXProject section */

/* Begin PBXResourcesBuildPhase section */
		8DEDE49D2D2B711200A6C048 /* Resources */ = {
			isa = PBXResourcesBuildPhase;
			buildActionMask = 2147483647;
			files = (
				8DEDE4AF2D2B711300A6C048 /* LaunchScreen.storyboard in Resources */,
				8DEDE4AC2D2B711300A6C048 /* Assets.xcassets in Resources */,
				8DEDE4AA2D2B711200A6C048 /* Main.storyboard in Resources */,
			);
			runOnlyForDeploymentPostprocessing = 0;
		};
/* End PBXResourcesBuildPhase section */

/* Begin PBXSourcesBuildPhase section */
		8DEDE49B2D2B711200A6C048 /* Sources */ = {
			isa = PBXSourcesBuildPhase;
			buildActionMask = 2147483647;
			files = (
				8DEDE4B92D2B712100A6C048 /* PagerViewLayout.swift in Sources */,
				8DEDE4A72D2B711200A6C048 /* ViewController.swift in Sources */,
				8DEDE4A32D2B711200A6C048 /* AppDelegate.swift in Sources */,
				8DEDE4BA2D2B712100A6C048 /* PagerView.swift in Sources */,
				8DEDE4A52D2B711200A6C048 /* SceneDelegate.swift in Sources */,
			);
			runOnlyForDeploymentPostprocessing = 0;
		};
/* End PBXSourcesBuildPhase section */

/* Begin PBXVariantGroup section */
		8DEDE4A82D2B711200A6C048 /* Main.storyboard */ = {
			isa = PBXVariantGroup;
			children = (
				8DEDE4A92D2B711200A6C048 /* Base */,
			);
			name = Main.storyboard;
			sourceTree = "<group>";
		};
		8DEDE4AD2D2B711300A6C048 /* LaunchScreen.storyboard */ = {
			isa = PBXVariantGroup;
			children = (
				8DEDE4AE2D2B711300A6C048 /* Base */,
			);
			name = LaunchScreen.storyboard;
			sourceTree = "<group>";
		};
/* End PBXVariantGroup section */

/* Begin XCBuildConfiguration section */
		8DEDE4B12D2B711300A6C048 /* Debug */ = {
			isa = XCBuildConfiguration;
			buildSettings = {
				ALWAYS_SEARCH_USER_PATHS = NO;
				ASSETCATALOG_COMPILER_GENERATE_SWIFT_ASSET_SYMBOL_EXTENSIONS = YES;
				CLANG_ANALYZER_NONNULL = YES;
				CLANG_ANALYZER_NUMBER_OBJECT_CONVERSION = YES_AGGRESSIVE;
				CLANG_CXX_LANGUAGE_STANDARD = "gnu++20";
				CLANG_ENABLE_MODULES = YES;
				CLANG_ENABLE_OBJC_ARC = YES;
				CLANG_ENABLE_OBJC_WEAK = YES;
				CLANG_WARN_BLOCK_CAPTURE_AUTORELEASING = YES;
				CLANG_WARN_BOOL_CONVERSION = YES;
				CLANG_WARN_COMMA = YES;
				CLANG_WARN_CONSTANT_CONVERSION = YES;
				CLANG_WARN_DEPRECATED_OBJC_IMPLEMENTATIONS = YES;
				CLANG_WARN_DIRECT_OBJC_ISA_USAGE = YES_ERROR;
				CLANG_WARN_DOCUMENTATION_COMMENTS = YES;
				CLANG_WARN_EMPTY_BODY = YES;
				CLANG_WARN_ENUM_CONVERSION = YES;
				CLANG_WARN_INFINITE_RECURSION = YES;
				CLANG_WARN_INT_CONVERSION = YES;
				CLANG_WARN_NON_LITERAL_NULL_CONVERSION = YES;
				CLANG_WARN_OBJC_IMPLICIT_RETAIN_SELF = YES;
				CLANG_WARN_OBJC_LITERAL_CONVERSION = YES;
				CLANG_WARN_OBJC_ROOT_CLASS = YES_ERROR;
				CLANG_WARN_QUOTED_INCLUDE_IN_FRAMEWORK_HEADER = YES;
				CLANG_WARN_RANGE_LOOP_ANALYSIS = YES;
				CLANG_WARN_STRICT_PROTOTYPES = YES;
				CLANG_WARN_SUSPICIOUS_MOVE = YES;
				CLANG_WARN_UNGUARDED_AVAILABILITY = YES_AGGRESSIVE;
				CLANG_WARN_UNREACHABLE_CODE = YES;
				CLANG_WARN__DUPLICATE_METHOD_MATCH = YES;
				COPY_PHASE_STRIP = NO;
				DEBUG_INFORMATION_FORMAT = dwarf;
				ENABLE_STRICT_OBJC_MSGSEND = YES;
				ENABLE_TESTABILITY = YES;
				ENABLE_USER_SCRIPT_SANDBOXING = YES;
				GCC_C_LANGUAGE_STANDARD = gnu17;
				GCC_DYNAMIC_NO_PIC = NO;
				GCC_NO_COMMON_BLOCKS = YES;
				GCC_OPTIMIZATION_LEVEL = 0;
				GCC_PREPROCESSOR_DEFINITIONS = (
					"DEBUG=1",
					"$(inherited)",
				);
				GCC_WARN_64_TO_32_BIT_CONVERSION = YES;
				GCC_WARN_ABOUT_RETURN_TYPE = YES_ERROR;
				GCC_WARN_UNDECLARED_SELECTOR = YES;
				GCC_WARN_UNINITIALIZED_AUTOS = YES_AGGRESSIVE;
				GCC_WARN_UNUSED_FUNCTION = YES;
				GCC_WARN_UNUSED_VARIABLE = YES;
				IPHONEOS_DEPLOYMENT_TARGET = 17.2;
				LOCALIZATION_PREFERS_STRING_CATALOGS = YES;
				MTL_ENABLE_DEBUG_INFO = INCLUDE_SOURCE;
				MTL_FAST_MATH = YES;
				ONLY_ACTIVE_ARCH = YES;
				SDKROOT = iphoneos;
				SWIFT_ACTIVE_COMPILATION_CONDITIONS = "DEBUG $(inherited)";
				SWIFT_OPTIMIZATION_LEVEL = "-Onone";
			};
			name = Debug;
		};
		8DEDE4B22D2B711300A6C048 /* Release */ = {
			isa = XCBuildConfiguration;
			buildSettings = {
				ALWAYS_SEARCH_USER_PATHS = NO;
				ASSETCATALOG_COMPILER_GENERATE_SWIFT_ASSET_SYMBOL_EXTENSIONS = YES;
				CLANG_ANALYZER_NONNULL = YES;
				CLANG_ANALYZER_NUMBER_OBJECT_CONVERSION = YES_AGGRESSIVE;
				CLANG_CXX_LANGUAGE_STANDARD = "gnu++20";
				CLANG_ENABLE_MODULES = YES;
				CLANG_ENABLE_OBJC_ARC = YES;
				CLANG_ENABLE_OBJC_WEAK = YES;
				CLANG_WARN_BLOCK_CAPTURE_AUTORELEASING = YES;
				CLANG_WARN_BOOL_CONVERSION = YES;
				CLANG_WARN_COMMA = YES;
				CLANG_WARN_CONSTANT_CONVERSION = YES;
				CLANG_WARN_DEPRECATED_OBJC_IMPLEMENTATIONS = YES;
				CLANG_WARN_DIRECT_OBJC_ISA_USAGE = YES_ERROR;
				CLANG_WARN_DOCUMENTATION_COMMENTS = YES;
				CLANG_WARN_EMPTY_BODY = YES;
				CLANG_WARN_ENUM_CONVERSION = YES;
				CLANG_WARN_INFINITE_RECURSION = YES;
				CLANG_WARN_INT_CONVERSION = YES;
				CLANG_WARN_NON_LITERAL_NULL_CONVERSION = YES;
				CLANG_WARN_OBJC_IMPLICIT_RETAIN_SELF = YES;
				CLANG_WARN_OBJC_LITERAL_CONVERSION = YES;
				CLANG_WARN_OBJC_ROOT_CLASS = YES_ERROR;
				CLANG_WARN_QUOTED_INCLUDE_IN_FRAMEWORK_HEADER = YES;
				CLANG_WARN_RANGE_LOOP_ANALYSIS = YES;
				CLANG_WARN_STRICT_PROTOTYPES = YES;
				CLANG_WARN_SUSPICIOUS_MOVE = YES;
				CLANG_WARN_UNGUARDED_AVAILABILITY = YES_AGGRESSIVE;
				CLANG_WARN_UNREACHABLE_CODE = YES;
				CLANG_WARN__DUPLICATE_METHOD_MATCH = YES;
				COPY_PHASE_STRIP = NO;
				DEBUG_INFORMATION_FORMAT = "dwarf-with-dsym";
				ENABLE_NS_ASSERTIONS = NO;
				ENABLE_STRICT_OBJC_MSGSEND = YES;
				ENABLE_USER_SCRIPT_SANDBOXING = YES;
				GCC_C_LANGUAGE_STANDARD = gnu17;
				GCC_NO_COMMON_BLOCKS = YES;
				GCC_WARN_64_TO_32_BIT_CONVERSION = YES;
				GCC_WARN_ABOUT_RETURN_TYPE = YES_ERROR;
				GCC_WARN_UNDECLARED_SELECTOR = YES;
				GCC_WARN_UNINITIALIZED_AUTOS = YES_AGGRESSIVE;
				GCC_WARN_UNUSED_FUNCTION = YES;
				GCC_WARN_UNUSED_VARIABLE = YES;
				IPHONEOS_DEPLOYMENT_TARGET = 17.2;
				LOCALIZATION_PREFERS_STRING_CATALOGS = YES;
				MTL_ENABLE_DEBUG_INFO = NO;
				MTL_FAST_MATH = YES;
				SDKROOT = iphoneos;
				SWIFT_COMPILATION_MODE = wholemodule;
				VALIDATE_PRODUCT = YES;
			};
			name = Release;
		};
		8DEDE4B42D2B711300A6C048 /* Debug */ = {
			isa = XCBuildConfiguration;
			buildSettings = {
				ASSETCATALOG_COMPILER_APPICON_NAME = AppIcon;
				ASSETCATALOG_COMPILER_GLOBAL_ACCENT_COLOR_NAME = AccentColor;
				CODE_SIGN_STYLE = Automatic;
				CURRENT_PROJECT_VERSION = 1;
				DEVELOPMENT_TEAM = VY8F8V9AUC;
				GENERATE_INFOPLIST_FILE = YES;
				INFOPLIST_FILE = JCPagerView/Info.plist;
				INFOPLIST_KEY_UIApplicationSupportsIndirectInputEvents = YES;
				INFOPLIST_KEY_UILaunchStoryboardName = LaunchScreen;
				INFOPLIST_KEY_UIMainStoryboardFile = Main;
				INFOPLIST_KEY_UISupportedInterfaceOrientations_iPad = "UIInterfaceOrientationPortrait UIInterfaceOrientationPortraitUpsideDown UIInterfaceOrientationLandscapeLeft UIInterfaceOrientationLandscapeRight";
				INFOPLIST_KEY_UISupportedInterfaceOrientations_iPhone = "UIInterfaceOrientationPortrait UIInterfaceOrientationLandscapeLeft UIInterfaceOrientationLandscapeRight";
				LD_RUNPATH_SEARCH_PATHS = (
					"$(inherited)",
					"@executable_path/Frameworks",
				);
				MARKETING_VERSION = 1.0;
				PRODUCT_BUNDLE_IDENTIFIER = com.youku.JCPagerView;
				PRODUCT_NAME = "$(TARGET_NAME)";
				SWIFT_EMIT_LOC_STRINGS = YES;
				SWIFT_VERSION = 5.0;
				TARGETED_DEVICE_FAMILY = "1,2";
			};
			name = Debug;
		};
		8DEDE4B52D2B711300A6C048 /* Release */ = {
			isa = XCBuildConfiguration;
			buildSettings = {
				ASSETCATALOG_COMPILER_APPICON_NAME = AppIcon;
				ASSETCATALOG_COMPILER_GLOBAL_ACCENT_COLOR_NAME = AccentColor;
				CODE_SIGN_STYLE = Automatic;
				CURRENT_PROJECT_VERSION = 1;
				DEVELOPMENT_TEAM = VY8F8V9AUC;
				GENERATE_INFOPLIST_FILE = YES;
				INFOPLIST_FILE = JCPagerView/Info.plist;
				INFOPLIST_KEY_UIApplicationSupportsIndirectInputEvents = YES;
				INFOPLIST_KEY_UILaunchStoryboardName = LaunchScreen;
				INFOPLIST_KEY_UIMainStoryboardFile = Main;
				INFOPLIST_KEY_UISupportedInterfaceOrientations_iPad = "UIInterfaceOrientationPortrait UIInterfaceOrientationPortraitUpsideDown UIInterfaceOrientationLandscapeLeft UIInterfaceOrientationLandscapeRight";
				INFOPLIST_KEY_UISupportedInterfaceOrientations_iPhone = "UIInterfaceOrientationPortrait UIInterfaceOrientationLandscapeLeft UIInterfaceOrientationLandscapeRight";
				LD_RUNPATH_SEARCH_PATHS = (
					"$(inherited)",
					"@executable_path/Frameworks",
				);
				MARKETING_VERSION = 1.0;
				PRODUCT_BUNDLE_IDENTIFIER = com.youku.JCPagerView;
				PRODUCT_NAME = "$(TARGET_NAME)";
				SWIFT_EMIT_LOC_STRINGS = YES;
				SWIFT_VERSION = 5.0;
				TARGETED_DEVICE_FAMILY = "1,2";
			};
			name = Release;
		};
/* End XCBuildConfiguration section */

/* Begin XCConfigurationList section */
		8DEDE49A2D2B711200A6C048 /* Build configuration list for PBXProject "JCPagerView" */ = {
			isa = XCConfigurationList;
			buildConfigurations = (
				8DEDE4B12D2B711300A6C048 /* Debug */,
				8DEDE4B22D2B711300A6C048 /* Release */,
			);
			defaultConfigurationIsVisible = 0;
			defaultConfigurationName = Release;
		};
		8DEDE4B32D2B711300A6C048 /* Build configuration list for PBXNativeTarget "JCPagerView" */ = {
			isa = XCConfigurationList;
			buildConfigurations = (
				8DEDE4B42D2B711300A6C048 /* Debug */,
				8DEDE4B52D2B711300A6C048 /* Release */,
			);
			defaultConfigurationIsVisible = 0;
			defaultConfigurationName = Release;
		};
/* End XCConfigurationList section */
	};
	rootObject = 8DEDE4972D2B711200A6C048 /* Project object */;
}
